// !$*UTF8*$!
{
	archiveVersion = 1;
	classes = {
	};
	objectVersion = 50;
	objects = {

/* Begin PBXBuildFile section */
		1A030B6326AD26740005CCAE /* SettingsController.swift in Sources */ = {isa = PBXBuildFile; fileRef = 1A030B6226AD26740005CCAE /* SettingsController.swift */; };
		1A030B6926AD2ABB0005CCAE /* WidgetKit.framework in Frameworks */ = {isa = PBXBuildFile; fileRef = 1A1D5C4626AB986A000FE4AA /* WidgetKit.framework */; };
		1A030B6A26AD2ABB0005CCAE /* SwiftUI.framework in Frameworks */ = {isa = PBXBuildFile; fileRef = 1A1D5C4826AB986A000FE4AA /* SwiftUI.framework */; };
		1A030B6D26AD2ABB0005CCAE /* GraftonFoodWidget.swift in Sources */ = {isa = PBXBuildFile; fileRef = 1A030B6C26AD2ABB0005CCAE /* GraftonFoodWidget.swift */; };
		1A030B6F26AD2ABF0005CCAE /* Assets.xcassets in Resources */ = {isa = PBXBuildFile; fileRef = 1A030B6E26AD2ABF0005CCAE /* Assets.xcassets */; };
		1A030B7326AD2ABF0005CCAE /* GraftonFoodWidgetExtension.appex in Embed App Extensions */ = {isa = PBXBuildFile; fileRef = 1A030B6826AD2ABB0005CCAE /* GraftonFoodWidgetExtension.appex */; settings = {ATTRIBUTES = (RemoveHeadersOnCopy, ); }; };
		1A030B7726AD2C540005CCAE /* ViewController.swift in Sources */ = {isa = PBXBuildFile; fileRef = 1A1D5C1426AB716F000FE4AA /* ViewController.swift */; };
		1A030B7826AD2C580005CCAE /* processMenu.swift in Sources */ = {isa = PBXBuildFile; fileRef = 1A1D5C5D26ABAF30000FE4AA /* processMenu.swift */; };
		1A030B7926AD2C5B0005CCAE /* SettingsController.swift in Sources */ = {isa = PBXBuildFile; fileRef = 1A030B6226AD26740005CCAE /* SettingsController.swift */; };
		1A030B7C26AD63C50005CCAE /* processMenu.swift in Sources */ = {isa = PBXBuildFile; fileRef = 1A1D5C5D26ABAF30000FE4AA /* processMenu.swift */; };
		1A030B7D26AD65730005CCAE /* menu.csv in Resources */ = {isa = PBXBuildFile; fileRef = 1A1D5C6C26ABBA5E000FE4AA /* menu.csv */; };
		1A1D5C1126AB716F000FE4AA /* AppDelegate.swift in Sources */ = {isa = PBXBuildFile; fileRef = 1A1D5C1026AB716F000FE4AA /* AppDelegate.swift */; };
		1A1D5C1326AB716F000FE4AA /* SceneDelegate.swift in Sources */ = {isa = PBXBuildFile; fileRef = 1A1D5C1226AB716F000FE4AA /* SceneDelegate.swift */; };
		1A1D5C1526AB716F000FE4AA /* ViewController.swift in Sources */ = {isa = PBXBuildFile; fileRef = 1A1D5C1426AB716F000FE4AA /* ViewController.swift */; };
		1A1D5C1826AB716F000FE4AA /* Main.storyboard in Resources */ = {isa = PBXBuildFile; fileRef = 1A1D5C1626AB716F000FE4AA /* Main.storyboard */; };
		1A1D5C1A26AB7170000FE4AA /* Assets.xcassets in Resources */ = {isa = PBXBuildFile; fileRef = 1A1D5C1926AB7170000FE4AA /* Assets.xcassets */; };
		1A1D5C1D26AB7170000FE4AA /* LaunchScreen.storyboard in Resources */ = {isa = PBXBuildFile; fileRef = 1A1D5C1B26AB7170000FE4AA /* LaunchScreen.storyboard */; };
		1A1D5C2826AB7170000FE4AA /* GraftonFoodTests.swift in Sources */ = {isa = PBXBuildFile; fileRef = 1A1D5C2726AB7170000FE4AA /* GraftonFoodTests.swift */; };
		1A1D5C3326AB7170000FE4AA /* GraftonFoodUITests.swift in Sources */ = {isa = PBXBuildFile; fileRef = 1A1D5C3226AB7170000FE4AA /* GraftonFoodUITests.swift */; };
		1A1D5C5E26ABAF30000FE4AA /* processMenu.swift in Sources */ = {isa = PBXBuildFile; fileRef = 1A1D5C5D26ABAF30000FE4AA /* processMenu.swift */; };
		1A1D5C5F26ABB3D4000FE4AA /* processMenu.swift in Sources */ = {isa = PBXBuildFile; fileRef = 1A1D5C5D26ABAF30000FE4AA /* processMenu.swift */; };
		1A1D5C6D26ABBA5E000FE4AA /* menu.csv in Resources */ = {isa = PBXBuildFile; fileRef = 1A1D5C6C26ABBA5E000FE4AA /* menu.csv */; };
		1A1D5C6E26ABBA5E000FE4AA /* menu.csv in Resources */ = {isa = PBXBuildFile; fileRef = 1A1D5C6C26ABBA5E000FE4AA /* menu.csv */; };
		1A1D5C6F26ABBA5E000FE4AA /* menu.csv in Resources */ = {isa = PBXBuildFile; fileRef = 1A1D5C6C26ABBA5E000FE4AA /* menu.csv */; };
		1A39ED2226BDE2E50083A3BC /* MenuController.swift in Sources */ = {isa = PBXBuildFile; fileRef = 1A39ED2126BDE2E50083A3BC /* MenuController.swift */; };
		1A39ED2326BE21590083A3BC /* ViewController.swift in Sources */ = {isa = PBXBuildFile; fileRef = 1A1D5C1426AB716F000FE4AA /* ViewController.swift */; };
		1A39ED2426BE21590083A3BC /* ViewController.swift in Sources */ = {isa = PBXBuildFile; fileRef = 1A1D5C1426AB716F000FE4AA /* ViewController.swift */; };
		1A39ED2526BE215C0083A3BC /* MenuController.swift in Sources */ = {isa = PBXBuildFile; fileRef = 1A39ED2126BDE2E50083A3BC /* MenuController.swift */; };
		1A39ED2626BE215C0083A3BC /* MenuController.swift in Sources */ = {isa = PBXBuildFile; fileRef = 1A39ED2126BDE2E50083A3BC /* MenuController.swift */; };
		1A39ED2726BE215D0083A3BC /* MenuController.swift in Sources */ = {isa = PBXBuildFile; fileRef = 1A39ED2126BDE2E50083A3BC /* MenuController.swift */; };
		1ABDEA9D26BF9AC6004A9995 /* logo.png in Resources */ = {isa = PBXBuildFile; fileRef = 1ABDEA9C26BF9AC6004A9995 /* logo.png */; };
		1ABDEA9E26BF9AC6004A9995 /* logo.png in Resources */ = {isa = PBXBuildFile; fileRef = 1ABDEA9C26BF9AC6004A9995 /* logo.png */; };
		1ABDEA9F26BF9AC6004A9995 /* logo.png in Resources */ = {isa = PBXBuildFile; fileRef = 1ABDEA9C26BF9AC6004A9995 /* logo.png */; };
		1ABDEAA026BF9AC6004A9995 /* logo.png in Resources */ = {isa = PBXBuildFile; fileRef = 1ABDEA9C26BF9AC6004A9995 /* logo.png */; };
/* End PBXBuildFile section */

/* Begin PBXContainerItemProxy section */
		1A030B7126AD2ABF0005CCAE /* PBXContainerItemProxy */ = {
			isa = PBXContainerItemProxy;
			containerPortal = 1A1D5C0526AB716F000FE4AA /* Project object */;
			proxyType = 1;
			remoteGlobalIDString = 1A030B6726AD2ABB0005CCAE;
			remoteInfo = GraftonFoodWidgetExtension;
		};
		1A1D5C2426AB7170000FE4AA /* PBXContainerItemProxy */ = {
			isa = PBXContainerItemProxy;
			containerPortal = 1A1D5C0526AB716F000FE4AA /* Project object */;
			proxyType = 1;
			remoteGlobalIDString = 1A1D5C0C26AB716F000FE4AA;
			remoteInfo = GraftonFood;
		};
		1A1D5C2F26AB7170000FE4AA /* PBXContainerItemProxy */ = {
			isa = PBXContainerItemProxy;
			containerPortal = 1A1D5C0526AB716F000FE4AA /* Project object */;
			proxyType = 1;
			remoteGlobalIDString = 1A1D5C0C26AB716F000FE4AA;
			remoteInfo = GraftonFood;
		};
/* End PBXContainerItemProxy section */

/* Begin PBXCopyFilesBuildPhase section */
		1A1D5C5926AB986E000FE4AA /* Embed App Extensions */ = {
			isa = PBXCopyFilesBuildPhase;
			buildActionMask = 2147483647;
			dstPath = "";
			dstSubfolderSpec = 13;
			files = (
				1A030B7326AD2ABF0005CCAE /* GraftonFoodWidgetExtension.appex in Embed App Extensions */,
			);
			name = "Embed App Extensions";
			runOnlyForDeploymentPostprocessing = 0;
		};
/* End PBXCopyFilesBuildPhase section */

/* Begin PBXFileReference section */
		1A030B6226AD26740005CCAE /* SettingsController.swift */ = {isa = PBXFileReference; lastKnownFileType = sourcecode.swift; path = SettingsController.swift; sourceTree = "<group>"; };
		1A030B6826AD2ABB0005CCAE /* GraftonFoodWidgetExtension.appex */ = {isa = PBXFileReference; explicitFileType = "wrapper.app-extension"; includeInIndex = 0; path = GraftonFoodWidgetExtension.appex; sourceTree = BUILT_PRODUCTS_DIR; };
		1A030B6C26AD2ABB0005CCAE /* GraftonFoodWidget.swift */ = {isa = PBXFileReference; lastKnownFileType = sourcecode.swift; path = GraftonFoodWidget.swift; sourceTree = "<group>"; };
		1A030B6E26AD2ABF0005CCAE /* Assets.xcassets */ = {isa = PBXFileReference; lastKnownFileType = folder.assetcatalog; path = Assets.xcassets; sourceTree = "<group>"; };
		1A030B7026AD2ABF0005CCAE /* Info.plist */ = {isa = PBXFileReference; lastKnownFileType = text.plist.xml; path = Info.plist; sourceTree = "<group>"; };
		1A1D5C0D26AB716F000FE4AA /* GraftonFood.app */ = {isa = PBXFileReference; explicitFileType = wrapper.application; includeInIndex = 0; path = GraftonFood.app; sourceTree = BUILT_PRODUCTS_DIR; };
		1A1D5C1026AB716F000FE4AA /* AppDelegate.swift */ = {isa = PBXFileReference; lastKnownFileType = sourcecode.swift; path = AppDelegate.swift; sourceTree = "<group>"; };
		1A1D5C1226AB716F000FE4AA /* SceneDelegate.swift */ = {isa = PBXFileReference; lastKnownFileType = sourcecode.swift; path = SceneDelegate.swift; sourceTree = "<group>"; };
		1A1D5C1426AB716F000FE4AA /* ViewController.swift */ = {isa = PBXFileReference; lastKnownFileType = sourcecode.swift; path = ViewController.swift; sourceTree = "<group>"; };
		1A1D5C1726AB716F000FE4AA /* Base */ = {isa = PBXFileReference; lastKnownFileType = file.storyboard; name = Base; path = Base.lproj/Main.storyboard; sourceTree = "<group>"; };
		1A1D5C1926AB7170000FE4AA /* Assets.xcassets */ = {isa = PBXFileReference; lastKnownFileType = folder.assetcatalog; path = Assets.xcassets; sourceTree = "<group>"; };
		1A1D5C1C26AB7170000FE4AA /* Base */ = {isa = PBXFileReference; lastKnownFileType = file.storyboard; name = Base; path = Base.lproj/LaunchScreen.storyboard; sourceTree = "<group>"; };
		1A1D5C1E26AB7170000FE4AA /* Info.plist */ = {isa = PBXFileReference; lastKnownFileType = text.plist.xml; path = Info.plist; sourceTree = "<group>"; };
		1A1D5C2326AB7170000FE4AA /* GraftonFoodTests.xctest */ = {isa = PBXFileReference; explicitFileType = wrapper.cfbundle; includeInIndex = 0; path = GraftonFoodTests.xctest; sourceTree = BUILT_PRODUCTS_DIR; };
		1A1D5C2726AB7170000FE4AA /* GraftonFoodTests.swift */ = {isa = PBXFileReference; lastKnownFileType = sourcecode.swift; path = GraftonFoodTests.swift; sourceTree = "<group>"; };
		1A1D5C2926AB7170000FE4AA /* Info.plist */ = {isa = PBXFileReference; lastKnownFileType = text.plist.xml; path = Info.plist; sourceTree = "<group>"; };
		1A1D5C2E26AB7170000FE4AA /* GraftonFoodUITests.xctest */ = {isa = PBXFileReference; explicitFileType = wrapper.cfbundle; includeInIndex = 0; path = GraftonFoodUITests.xctest; sourceTree = BUILT_PRODUCTS_DIR; };
		1A1D5C3226AB7170000FE4AA /* GraftonFoodUITests.swift */ = {isa = PBXFileReference; lastKnownFileType = sourcecode.swift; path = GraftonFoodUITests.swift; sourceTree = "<group>"; };
		1A1D5C3426AB7170000FE4AA /* Info.plist */ = {isa = PBXFileReference; lastKnownFileType = text.plist.xml; path = Info.plist; sourceTree = "<group>"; };
		1A1D5C4626AB986A000FE4AA /* WidgetKit.framework */ = {isa = PBXFileReference; lastKnownFileType = wrapper.framework; name = WidgetKit.framework; path = System/Library/Frameworks/WidgetKit.framework; sourceTree = SDKROOT; };
		1A1D5C4826AB986A000FE4AA /* SwiftUI.framework */ = {isa = PBXFileReference; lastKnownFileType = wrapper.framework; name = SwiftUI.framework; path = System/Library/Frameworks/SwiftUI.framework; sourceTree = SDKROOT; };
		1A1D5C5D26ABAF30000FE4AA /* processMenu.swift */ = {isa = PBXFileReference; lastKnownFileType = sourcecode.swift; path = processMenu.swift; sourceTree = "<group>"; };
		1A1D5C6C26ABBA5E000FE4AA /* menu.csv */ = {isa = PBXFileReference; fileEncoding = 4; lastKnownFileType = text; path = menu.csv; sourceTree = "<group>"; };
		1A39ED2126BDE2E50083A3BC /* MenuController.swift */ = {isa = PBXFileReference; lastKnownFileType = sourcecode.swift; path = MenuController.swift; sourceTree = "<group>"; };
		1ABDEA9C26BF9AC6004A9995 /* logo.png */ = {isa = PBXFileReference; lastKnownFileType = image.png; path = logo.png; sourceTree = "<group>"; };
/* End PBXFileReference section */

/* Begin PBXFrameworksBuildPhase section */
		1A030B6526AD2ABB0005CCAE /* Frameworks */ = {
			isa = PBXFrameworksBuildPhase;
			buildActionMask = 2147483647;
			files = (
				1A030B6A26AD2ABB0005CCAE /* SwiftUI.framework in Frameworks */,
				1A030B6926AD2ABB0005CCAE /* WidgetKit.framework in Frameworks */,
			);
			runOnlyForDeploymentPostprocessing = 0;
		};
		1A1D5C0A26AB716F000FE4AA /* Frameworks */ = {
			isa = PBXFrameworksBuildPhase;
			buildActionMask = 2147483647;
			files = (
			);
			runOnlyForDeploymentPostprocessing = 0;
		};
		1A1D5C2026AB7170000FE4AA /* Frameworks */ = {
			isa = PBXFrameworksBuildPhase;
			buildActionMask = 2147483647;
			files = (
			);
			runOnlyForDeploymentPostprocessing = 0;
		};
		1A1D5C2B26AB7170000FE4AA /* Frameworks */ = {
			isa = PBXFrameworksBuildPhase;
			buildActionMask = 2147483647;
			files = (
			);
			runOnlyForDeploymentPostprocessing = 0;
		};
/* End PBXFrameworksBuildPhase section */

/* Begin PBXGroup section */
		1A030B6B26AD2ABB0005CCAE /* GraftonFoodWidget */ = {
			isa = PBXGroup;
			children = (
				1A030B6C26AD2ABB0005CCAE /* GraftonFoodWidget.swift */,
				1A030B6E26AD2ABF0005CCAE /* Assets.xcassets */,
				1A030B7026AD2ABF0005CCAE /* Info.plist */,
			);
			path = GraftonFoodWidget;
			sourceTree = "<group>";
		};
		1A1D5C0426AB716F000FE4AA = {
			isa = PBXGroup;
			children = (
				1A1D5C0F26AB716F000FE4AA /* GraftonFood */,
				1A1D5C2626AB7170000FE4AA /* GraftonFoodTests */,
				1A1D5C3126AB7170000FE4AA /* GraftonFoodUITests */,
				1A030B6B26AD2ABB0005CCAE /* GraftonFoodWidget */,
				1A1D5C4526AB986A000FE4AA /* Frameworks */,
				1A1D5C0E26AB716F000FE4AA /* Products */,
			);
			sourceTree = "<group>";
		};
		1A1D5C0E26AB716F000FE4AA /* Products */ = {
			isa = PBXGroup;
			children = (
				1A1D5C0D26AB716F000FE4AA /* GraftonFood.app */,
				1A1D5C2326AB7170000FE4AA /* GraftonFoodTests.xctest */,
				1A1D5C2E26AB7170000FE4AA /* GraftonFoodUITests.xctest */,
				1A030B6826AD2ABB0005CCAE /* GraftonFoodWidgetExtension.appex */,
			);
			name = Products;
			sourceTree = "<group>";
		};
		1A1D5C0F26AB716F000FE4AA /* GraftonFood */ = {
			isa = PBXGroup;
			children = (
				1A1D5C6C26ABBA5E000FE4AA /* menu.csv */,
				1A1D5C1026AB716F000FE4AA /* AppDelegate.swift */,
				1A1D5C1226AB716F000FE4AA /* SceneDelegate.swift */,
				1A1D5C1426AB716F000FE4AA /* ViewController.swift */,
				1A1D5C1626AB716F000FE4AA /* Main.storyboard */,
				1ABDEA9C26BF9AC6004A9995 /* logo.png */,
				1A1D5C1926AB7170000FE4AA /* Assets.xcassets */,
				1A1D5C1B26AB7170000FE4AA /* LaunchScreen.storyboard */,
				1A1D5C1E26AB7170000FE4AA /* Info.plist */,
				1A1D5C5D26ABAF30000FE4AA /* processMenu.swift */,
				1A030B6226AD26740005CCAE /* SettingsController.swift */,
				1A39ED2126BDE2E50083A3BC /* MenuController.swift */,
			);
			path = GraftonFood;
			sourceTree = "<group>";
		};
		1A1D5C2626AB7170000FE4AA /* GraftonFoodTests */ = {
			isa = PBXGroup;
			children = (
				1A1D5C2726AB7170000FE4AA /* GraftonFoodTests.swift */,
				1A1D5C2926AB7170000FE4AA /* Info.plist */,
			);
			path = GraftonFoodTests;
			sourceTree = "<group>";
		};
		1A1D5C3126AB7170000FE4AA /* GraftonFoodUITests */ = {
			isa = PBXGroup;
			children = (
				1A1D5C3226AB7170000FE4AA /* GraftonFoodUITests.swift */,
				1A1D5C3426AB7170000FE4AA /* Info.plist */,
			);
			path = GraftonFoodUITests;
			sourceTree = "<group>";
		};
		1A1D5C4526AB986A000FE4AA /* Frameworks */ = {
			isa = PBXGroup;
			children = (
				1A1D5C4626AB986A000FE4AA /* WidgetKit.framework */,
				1A1D5C4826AB986A000FE4AA /* SwiftUI.framework */,
			);
			name = Frameworks;
			sourceTree = "<group>";
		};
/* End PBXGroup section */

/* Begin PBXNativeTarget section */
		1A030B6726AD2ABB0005CCAE /* GraftonFoodWidgetExtension */ = {
			isa = PBXNativeTarget;
			buildConfigurationList = 1A030B7426AD2ABF0005CCAE /* Build configuration list for PBXNativeTarget "GraftonFoodWidgetExtension" */;
			buildPhases = (
				1A030B6426AD2ABB0005CCAE /* Sources */,
				1A030B6526AD2ABB0005CCAE /* Frameworks */,
				1A030B6626AD2ABB0005CCAE /* Resources */,
			);
			buildRules = (
			);
			dependencies = (
			);
			name = GraftonFoodWidgetExtension;
			productName = GraftonFoodWidgetExtension;
			productReference = 1A030B6826AD2ABB0005CCAE /* GraftonFoodWidgetExtension.appex */;
			productType = "com.apple.product-type.app-extension";
		};
		1A1D5C0C26AB716F000FE4AA /* GraftonFood */ = {
			isa = PBXNativeTarget;
			buildConfigurationList = 1A1D5C3726AB7170000FE4AA /* Build configuration list for PBXNativeTarget "GraftonFood" */;
			buildPhases = (
				1A1D5C0926AB716F000FE4AA /* Sources */,
				1A1D5C0A26AB716F000FE4AA /* Frameworks */,
				1A1D5C0B26AB716F000FE4AA /* Resources */,
				1A1D5C5926AB986E000FE4AA /* Embed App Extensions */,
			);
			buildRules = (
			);
			dependencies = (
				1A030B7226AD2ABF0005CCAE /* PBXTargetDependency */,
			);
			name = GraftonFood;
			productName = GraftonFood;
			productReference = 1A1D5C0D26AB716F000FE4AA /* GraftonFood.app */;
			productType = "com.apple.product-type.application";
		};
		1A1D5C2226AB7170000FE4AA /* GraftonFoodTests */ = {
			isa = PBXNativeTarget;
			buildConfigurationList = 1A1D5C3A26AB7170000FE4AA /* Build configuration list for PBXNativeTarget "GraftonFoodTests" */;
			buildPhases = (
				1A1D5C1F26AB7170000FE4AA /* Sources */,
				1A1D5C2026AB7170000FE4AA /* Frameworks */,
				1A1D5C2126AB7170000FE4AA /* Resources */,
			);
			buildRules = (
			);
			dependencies = (
				1A1D5C2526AB7170000FE4AA /* PBXTargetDependency */,
			);
			name = GraftonFoodTests;
			productName = GraftonFoodTests;
			productReference = 1A1D5C2326AB7170000FE4AA /* GraftonFoodTests.xctest */;
			productType = "com.apple.product-type.bundle.unit-test";
		};
		1A1D5C2D26AB7170000FE4AA /* GraftonFoodUITests */ = {
			isa = PBXNativeTarget;
			buildConfigurationList = 1A1D5C3D26AB7170000FE4AA /* Build configuration list for PBXNativeTarget "GraftonFoodUITests" */;
			buildPhases = (
				1A1D5C2A26AB7170000FE4AA /* Sources */,
				1A1D5C2B26AB7170000FE4AA /* Frameworks */,
				1A1D5C2C26AB7170000FE4AA /* Resources */,
			);
			buildRules = (
			);
			dependencies = (
				1A1D5C3026AB7170000FE4AA /* PBXTargetDependency */,
			);
			name = GraftonFoodUITests;
			productName = GraftonFoodUITests;
			productReference = 1A1D5C2E26AB7170000FE4AA /* GraftonFoodUITests.xctest */;
			productType = "com.apple.product-type.bundle.ui-testing";
		};
/* End PBXNativeTarget section */

/* Begin PBXProject section */
		1A1D5C0526AB716F000FE4AA /* Project object */ = {
			isa = PBXProject;
			attributes = {
				LastSwiftUpdateCheck = 1250;
				LastUpgradeCheck = 1250;
				TargetAttributes = {
					1A030B6726AD2ABB0005CCAE = {
						CreatedOnToolsVersion = 12.5.1;
					};
					1A1D5C0C26AB716F000FE4AA = {
						CreatedOnToolsVersion = 12.5.1;
					};
					1A1D5C2226AB7170000FE4AA = {
						CreatedOnToolsVersion = 12.5.1;
						TestTargetID = 1A1D5C0C26AB716F000FE4AA;
					};
					1A1D5C2D26AB7170000FE4AA = {
						CreatedOnToolsVersion = 12.5.1;
						TestTargetID = 1A1D5C0C26AB716F000FE4AA;
					};
				};
			};
			buildConfigurationList = 1A1D5C0826AB716F000FE4AA /* Build configuration list for PBXProject "GraftonFood" */;
			compatibilityVersion = "Xcode 9.3";
			developmentRegion = en;
			hasScannedForEncodings = 0;
			knownRegions = (
				en,
				Base,
			);
			mainGroup = 1A1D5C0426AB716F000FE4AA;
			productRefGroup = 1A1D5C0E26AB716F000FE4AA /* Products */;
			projectDirPath = "";
			projectRoot = "";
			targets = (
				1A1D5C0C26AB716F000FE4AA /* GraftonFood */,
				1A1D5C2226AB7170000FE4AA /* GraftonFoodTests */,
				1A1D5C2D26AB7170000FE4AA /* GraftonFoodUITests */,
				1A030B6726AD2ABB0005CCAE /* GraftonFoodWidgetExtension */,
			);
		};
/* End PBXProject section */

/* Begin PBXResourcesBuildPhase section */
		1A030B6626AD2ABB0005CCAE /* Resources */ = {
			isa = PBXResourcesBuildPhase;
			buildActionMask = 2147483647;
			files = (
				1A030B6F26AD2ABF0005CCAE /* Assets.xcassets in Resources */,
				1A030B7D26AD65730005CCAE /* menu.csv in Resources */,
				1ABDEAA026BF9AC6004A9995 /* logo.png in Resources */,
			);
			runOnlyForDeploymentPostprocessing = 0;
		};
		1A1D5C0B26AB716F000FE4AA /* Resources */ = {
			isa = PBXResourcesBuildPhase;
			buildActionMask = 2147483647;
			files = (
				1A1D5C1D26AB7170000FE4AA /* LaunchScreen.storyboard in Resources */,
				1ABDEA9D26BF9AC6004A9995 /* logo.png in Resources */,
				1A1D5C1A26AB7170000FE4AA /* Assets.xcassets in Resources */,
				1A1D5C6D26ABBA5E000FE4AA /* menu.csv in Resources */,
				1A1D5C1826AB716F000FE4AA /* Main.storyboard in Resources */,
			);
			runOnlyForDeploymentPostprocessing = 0;
		};
		1A1D5C2126AB7170000FE4AA /* Resources */ = {
			isa = PBXResourcesBuildPhase;
			buildActionMask = 2147483647;
			files = (
				1ABDEA9E26BF9AC6004A9995 /* logo.png in Resources */,
				1A1D5C6E26ABBA5E000FE4AA /* menu.csv in Resources */,
			);
			runOnlyForDeploymentPostprocessing = 0;
		};
		1A1D5C2C26AB7170000FE4AA /* Resources */ = {
			isa = PBXResourcesBuildPhase;
			buildActionMask = 2147483647;
			files = (
				1ABDEA9F26BF9AC6004A9995 /* logo.png in Resources */,
				1A1D5C6F26ABBA5E000FE4AA /* menu.csv in Resources */,
			);
			runOnlyForDeploymentPostprocessing = 0;
		};
/* End PBXResourcesBuildPhase section */

/* Begin PBXSourcesBuildPhase section */
		1A030B6426AD2ABB0005CCAE /* Sources */ = {
			isa = PBXSourcesBuildPhase;
			buildActionMask = 2147483647;
			files = (
				1A39ED2726BE215D0083A3BC /* MenuController.swift in Sources */,
				1A030B7926AD2C5B0005CCAE /* SettingsController.swift in Sources */,
				1A030B7726AD2C540005CCAE /* ViewController.swift in Sources */,
				1A030B6D26AD2ABB0005CCAE /* GraftonFoodWidget.swift in Sources */,
				1A030B7826AD2C580005CCAE /* processMenu.swift in Sources */,
			);
			runOnlyForDeploymentPostprocessing = 0;
		};
		1A1D5C0926AB716F000FE4AA /* Sources */ = {
			isa = PBXSourcesBuildPhase;
			buildActionMask = 2147483647;
			files = (
				1A030B6326AD26740005CCAE /* SettingsController.swift in Sources */,
				1A1D5C1526AB716F000FE4AA /* ViewController.swift in Sources */,
				1A1D5C1126AB716F000FE4AA /* AppDelegate.swift in Sources */,
				1A1D5C1326AB716F000FE4AA /* SceneDelegate.swift in Sources */,
				1A39ED2226BDE2E50083A3BC /* MenuController.swift in Sources */,
				1A1D5C5E26ABAF30000FE4AA /* processMenu.swift in Sources */,
			);
			runOnlyForDeploymentPostprocessing = 0;
		};
		1A1D5C1F26AB7170000FE4AA /* Sources */ = {
			isa = PBXSourcesBuildPhase;
			buildActionMask = 2147483647;
			files = (
				1A39ED2526BE215C0083A3BC /* MenuController.swift in Sources */,
				1A39ED2326BE21590083A3BC /* ViewController.swift in Sources */,
				1A1D5C5F26ABB3D4000FE4AA /* processMenu.swift in Sources */,
				1A1D5C2826AB7170000FE4AA /* GraftonFoodTests.swift in Sources */,
			);
			runOnlyForDeploymentPostprocessing = 0;
		};
		1A1D5C2A26AB7170000FE4AA /* Sources */ = {
			isa = PBXSourcesBuildPhase;
			buildActionMask = 2147483647;
			files = (
				1A39ED2626BE215C0083A3BC /* MenuController.swift in Sources */,
				1A39ED2426BE21590083A3BC /* ViewController.swift in Sources */,
				1A030B7C26AD63C50005CCAE /* processMenu.swift in Sources */,
				1A1D5C3326AB7170000FE4AA /* GraftonFoodUITests.swift in Sources */,
			);
			runOnlyForDeploymentPostprocessing = 0;
		};
/* End PBXSourcesBuildPhase section */

/* Begin PBXTargetDependency section */
		1A030B7226AD2ABF0005CCAE /* PBXTargetDependency */ = {
			isa = PBXTargetDependency;
			target = 1A030B6726AD2ABB0005CCAE /* GraftonFoodWidgetExtension */;
			targetProxy = 1A030B7126AD2ABF0005CCAE /* PBXContainerItemProxy */;
		};
		1A1D5C2526AB7170000FE4AA /* PBXTargetDependency */ = {
			isa = PBXTargetDependency;
			target = 1A1D5C0C26AB716F000FE4AA /* GraftonFood */;
			targetProxy = 1A1D5C2426AB7170000FE4AA /* PBXContainerItemProxy */;
		};
		1A1D5C3026AB7170000FE4AA /* PBXTargetDependency */ = {
			isa = PBXTargetDependency;
			target = 1A1D5C0C26AB716F000FE4AA /* GraftonFood */;
			targetProxy = 1A1D5C2F26AB7170000FE4AA /* PBXContainerItemProxy */;
		};
/* End PBXTargetDependency section */

/* Begin PBXVariantGroup section */
		1A1D5C1626AB716F000FE4AA /* Main.storyboard */ = {
			isa = PBXVariantGroup;
			children = (
				1A1D5C1726AB716F000FE4AA /* Base */,
			);
			name = Main.storyboard;
			sourceTree = "<group>";
		};
		1A1D5C1B26AB7170000FE4AA /* LaunchScreen.storyboard */ = {
			isa = PBXVariantGroup;
			children = (
				1A1D5C1C26AB7170000FE4AA /* Base */,
			);
			name = LaunchScreen.storyboard;
			sourceTree = "<group>";
		};
/* End PBXVariantGroup section */

/* Begin XCBuildConfiguration section */
		1A030B7526AD2ABF0005CCAE /* Debug */ = {
			isa = XCBuildConfiguration;
			buildSettings = {
				ASSETCATALOG_COMPILER_GLOBAL_ACCENT_COLOR_NAME = AccentColor;
				ASSETCATALOG_COMPILER_WIDGET_BACKGROUND_COLOR_NAME = WidgetBackground;
				CODE_SIGN_STYLE = Automatic;
				DEVELOPMENT_TEAM = 6LAXP25MJ5;
				INFOPLIST_FILE = GraftonFoodWidget/Info.plist;
				LD_RUNPATH_SEARCH_PATHS = (
					"$(inherited)",
					"@executable_path/Frameworks",
					"@executable_path/../../Frameworks",
				);
				PRODUCT_BUNDLE_IDENTIFIER = Trigonix.GraftonFood.GraftonFoodWidget;
				PRODUCT_NAME = "$(TARGET_NAME)";
				SKIP_INSTALL = YES;
				SWIFT_VERSION = 5.0;
				TARGETED_DEVICE_FAMILY = "1,2";
			};
			name = Debug;
		};
		1A030B7626AD2ABF0005CCAE /* Release */ = {
			isa = XCBuildConfiguration;
			buildSettings = {
				ASSETCATALOG_COMPILER_GLOBAL_ACCENT_COLOR_NAME = AccentColor;
				ASSETCATALOG_COMPILER_WIDGET_BACKGROUND_COLOR_NAME = WidgetBackground;
				CODE_SIGN_STYLE = Automatic;
				DEVELOPMENT_TEAM = 6LAXP25MJ5;
				INFOPLIST_FILE = GraftonFoodWidget/Info.plist;
				LD_RUNPATH_SEARCH_PATHS = (
					"$(inherited)",
					"@executable_path/Frameworks",
					"@executable_path/../../Frameworks",
				);
				PRODUCT_BUNDLE_IDENTIFIER = Trigonix.GraftonFood.GraftonFoodWidget;
				PRODUCT_NAME = "$(TARGET_NAME)";
				SKIP_INSTALL = YES;
				SWIFT_VERSION = 5.0;
				TARGETED_DEVICE_FAMILY = "1,2";
			};
			name = Release;
		};
		1A1D5C3526AB7170000FE4AA /* Debug */ = {
			isa = XCBuildConfiguration;
			buildSettings = {
				ALWAYS_SEARCH_USER_PATHS = NO;
				CLANG_ANALYZER_NONNULL = YES;
				CLANG_ANALYZER_NUMBER_OBJECT_CONVERSION = YES_AGGRESSIVE;
				CLANG_CXX_LANGUAGE_STANDARD = "gnu++14";
				CLANG_CXX_LIBRARY = "libc++";
				CLANG_ENABLE_MODULES = YES;
				CLANG_ENABLE_OBJC_ARC = YES;
				CLANG_ENABLE_OBJC_WEAK = YES;
				CLANG_WARN_BLOCK_CAPTURE_AUTORELEASING = YES;
				CLANG_WARN_BOOL_CONVERSION = YES;
				CLANG_WARN_COMMA = YES;
				CLANG_WARN_CONSTANT_CONVERSION = YES;
				CLANG_WARN_DEPRECATED_OBJC_IMPLEMENTATIONS = YES;
				CLANG_WARN_DIRECT_OBJC_ISA_USAGE = YES_ERROR;
				CLANG_WARN_DOCUMENTATION_COMMENTS = YES;
				CLANG_WARN_EMPTY_BODY = YES;
				CLANG_WARN_ENUM_CONVERSION = YES;
				CLANG_WARN_INFINITE_RECURSION = YES;
				CLANG_WARN_INT_CONVERSION = YES;
				CLANG_WARN_NON_LITERAL_NULL_CONVERSION = YES;
				CLANG_WARN_OBJC_IMPLICIT_RETAIN_SELF = YES;
				CLANG_WARN_OBJC_LITERAL_CONVERSION = YES;
				CLANG_WARN_OBJC_ROOT_CLASS = YES_ERROR;
				CLANG_WARN_QUOTED_INCLUDE_IN_FRAMEWORK_HEADER = YES;
				CLANG_WARN_RANGE_LOOP_ANALYSIS = YES;
				CLANG_WARN_STRICT_PROTOTYPES = YES;
				CLANG_WARN_SUSPICIOUS_MOVE = YES;
				CLANG_WARN_UNGUARDED_AVAILABILITY = YES_AGGRESSIVE;
				CLANG_WARN_UNREACHABLE_CODE = YES;
				CLANG_WARN__DUPLICATE_METHOD_MATCH = YES;
				COPY_PHASE_STRIP = NO;
				DEBUG_INFORMATION_FORMAT = dwarf;
				ENABLE_STRICT_OBJC_MSGSEND = YES;
				ENABLE_TESTABILITY = YES;
				GCC_C_LANGUAGE_STANDARD = gnu11;
				GCC_DYNAMIC_NO_PIC = NO;
				GCC_NO_COMMON_BLOCKS = YES;
				GCC_OPTIMIZATION_LEVEL = 0;
				GCC_PREPROCESSOR_DEFINITIONS = (
					"DEBUG=1",
					"$(inherited)",
				);
				GCC_WARN_64_TO_32_BIT_CONVERSION = YES;
				GCC_WARN_ABOUT_RETURN_TYPE = YES_ERROR;
				GCC_WARN_UNDECLARED_SELECTOR = YES;
				GCC_WARN_UNINITIALIZED_AUTOS = YES_AGGRESSIVE;
				GCC_WARN_UNUSED_FUNCTION = YES;
				GCC_WARN_UNUSED_VARIABLE = YES;
				IPHONEOS_DEPLOYMENT_TARGET = 14.5;
				MTL_ENABLE_DEBUG_INFO = INCLUDE_SOURCE;
				MTL_FAST_MATH = YES;
				ONLY_ACTIVE_ARCH = YES;
				SDKROOT = iphoneos;
				SWIFT_ACTIVE_COMPILATION_CONDITIONS = DEBUG;
				SWIFT_OPTIMIZATION_LEVEL = "-Onone";
			};
			name = Debug;
		};
		1A1D5C3626AB7170000FE4AA /* Release */ = {
			isa = XCBuildConfiguration;
			buildSettings = {
				ALWAYS_SEARCH_USER_PATHS = NO;
				CLANG_ANALYZER_NONNULL = YES;
				CLANG_ANALYZER_NUMBER_OBJECT_CONVERSION = YES_AGGRESSIVE;
				CLANG_CXX_LANGUAGE_STANDARD = "gnu++14";
				CLANG_CXX_LIBRARY = "libc++";
				CLANG_ENABLE_MODULES = YES;
				CLANG_ENABLE_OBJC_ARC = YES;
				CLANG_ENABLE_OBJC_WEAK = YES;
				CLANG_WARN_BLOCK_CAPTURE_AUTORELEASING = YES;
				CLANG_WARN_BOOL_CONVERSION = YES;
				CLANG_WARN_COMMA = YES;
				CLANG_WARN_CONSTANT_CONVERSION = YES;
				CLANG_WARN_DEPRECATED_OBJC_IMPLEMENTATIONS = YES;
				CLANG_WARN_DIRECT_OBJC_ISA_USAGE = YES_ERROR;
				CLANG_WARN_DOCUMENTATION_COMMENTS = YES;
				CLANG_WARN_EMPTY_BODY = YES;
				CLANG_WARN_ENUM_CONVERSION = YES;
				CLANG_WARN_INFINITE_RECURSION = YES;
				CLANG_WARN_INT_CONVERSION = YES;
				CLANG_WARN_NON_LITERAL_NULL_CONVERSION = YES;
				CLANG_WARN_OBJC_IMPLICIT_RETAIN_SELF = YES;
				CLANG_WARN_OBJC_LITERAL_CONVERSION = YES;
				CLANG_WARN_OBJC_ROOT_CLASS = YES_ERROR;
				CLANG_WARN_QUOTED_INCLUDE_IN_FRAMEWORK_HEADER = YES;
				CLANG_WARN_RANGE_LOOP_ANALYSIS = YES;
				CLANG_WARN_STRICT_PROTOTYPES = YES;
				CLANG_WARN_SUSPICIOUS_MOVE = YES;
				CLANG_WARN_UNGUARDED_AVAILABILITY = YES_AGGRESSIVE;
				CLANG_WARN_UNREACHABLE_CODE = YES;
				CLANG_WARN__DUPLICATE_METHOD_MATCH = YES;
				COPY_PHASE_STRIP = NO;
				DEBUG_INFORMATION_FORMAT = "dwarf-with-dsym";
				ENABLE_NS_ASSERTIONS = NO;
				ENABLE_STRICT_OBJC_MSGSEND = YES;
				GCC_C_LANGUAGE_STANDARD = gnu11;
				GCC_NO_COMMON_BLOCKS = YES;
				GCC_WARN_64_TO_32_BIT_CONVERSION = YES;
				GCC_WARN_ABOUT_RETURN_TYPE = YES_ERROR;
				GCC_WARN_UNDECLARED_SELECTOR = YES;
				GCC_WARN_UNINITIALIZED_AUTOS = YES_AGGRESSIVE;
				GCC_WARN_UNUSED_FUNCTION = YES;
				GCC_WARN_UNUSED_VARIABLE = YES;
				IPHONEOS_DEPLOYMENT_TARGET = 14.5;
				MTL_ENABLE_DEBUG_INFO = NO;
				MTL_FAST_MATH = YES;
				SDKROOT = iphoneos;
				SWIFT_COMPILATION_MODE = wholemodule;
				SWIFT_OPTIMIZATION_LEVEL = "-O";
				VALIDATE_PRODUCT = YES;
			};
			name = Release;
		};
		1A1D5C3826AB7170000FE4AA /* Debug */ = {
			isa = XCBuildConfiguration;
			buildSettings = {
				ALWAYS_EMBED_SWIFT_STANDARD_LIBRARIES = YES;
				ASSETCATALOG_COMPILER_APPICON_NAME = AppIcon;
				ASSETCATALOG_COMPILER_GLOBAL_ACCENT_COLOR_NAME = AccentColor;
				CODE_SIGN_STYLE = Automatic;
				DEVELOPMENT_TEAM = 6LAXP25MJ5;
				INFOPLIST_FILE = GraftonFood/Info.plist;
				LD_RUNPATH_SEARCH_PATHS = (
					"$(inherited)",
					"@executable_path/Frameworks",
				);
				PRODUCT_BUNDLE_IDENTIFIER = Trigonix.GraftonFood;
				PRODUCT_NAME = "$(TARGET_NAME)";
				SWIFT_VERSION = 5.0;
				TARGETED_DEVICE_FAMILY = "1,2";
			};
			name = Debug;
		};
		1A1D5C3926AB7170000FE4AA /* Release */ = {
			isa = XCBuildConfiguration;
			buildSettings = {
				ALWAYS_EMBED_SWIFT_STANDARD_LIBRARIES = YES;
				ASSETCATALOG_COMPILER_APPICON_NAME = AppIcon;
				ASSETCATALOG_COMPILER_GLOBAL_ACCENT_COLOR_NAME = AccentColor;
				CODE_SIGN_STYLE = Automatic;
				DEVELOPMENT_TEAM = 6LAXP25MJ5;
				INFOPLIST_FILE = GraftonFood/Info.plist;
				LD_RUNPATH_SEARCH_PATHS = (
					"$(inherited)",
					"@executable_path/Frameworks",
				);
				PRODUCT_BUNDLE_IDENTIFIER = Trigonix.GraftonFood;
				PRODUCT_NAME = "$(TARGET_NAME)";
				SWIFT_VERSION = 5.0;
				TARGETED_DEVICE_FAMILY = "1,2";
			};
			name = Release;
		};
		1A1D5C3B26AB7170000FE4AA /* Debug */ = {
			isa = XCBuildConfiguration;
			buildSettings = {
				ALWAYS_EMBED_SWIFT_STANDARD_LIBRARIES = YES;
				BUNDLE_LOADER = "$(TEST_HOST)";
				CODE_SIGN_STYLE = Automatic;
				DEVELOPMENT_TEAM = 6LAXP25MJ5;
				INFOPLIST_FILE = GraftonFoodTests/Info.plist;
				IPHONEOS_DEPLOYMENT_TARGET = 14.5;
				LD_RUNPATH_SEARCH_PATHS = (
					"$(inherited)",
					"@executable_path/Frameworks",
					"@loader_path/Frameworks",
				);
				PRODUCT_BUNDLE_IDENTIFIER = Trigonix.GraftonFoodTests;
				PRODUCT_NAME = "$(TARGET_NAME)";
				SWIFT_VERSION = 5.0;
				TARGETED_DEVICE_FAMILY = "1,2";
				TEST_HOST = "$(BUILT_PRODUCTS_DIR)/GraftonFood.app/GraftonFood";
			};
			name = Debug;
		};
		1A1D5C3C26AB7170000FE4AA /* Release */ = {
			isa = XCBuildConfiguration;
			buildSettings = {
				ALWAYS_EMBED_SWIFT_STANDARD_LIBRARIES = YES;
				BUNDLE_LOADER = "$(TEST_HOST)";
				CODE_SIGN_STYLE = Automatic;
				DEVELOPMENT_TEAM = 6LAXP25MJ5;
				INFOPLIST_FILE = GraftonFoodTests/Info.plist;
				IPHONEOS_DEPLOYMENT_TARGET = 14.5;
				LD_RUNPATH_SEARCH_PATHS = (
					"$(inherited)",
					"@executable_path/Frameworks",
					"@loader_path/Frameworks",
				);
				PRODUCT_BUNDLE_IDENTIFIER = Trigonix.GraftonFoodTests;
				PRODUCT_NAME = "$(TARGET_NAME)";
				SWIFT_VERSION = 5.0;
				TARGETED_DEVICE_FAMILY = "1,2";
				TEST_HOST = "$(BUILT_PRODUCTS_DIR)/GraftonFood.app/GraftonFood";
			};
			name = Release;
		};
		1A1D5C3E26AB7170000FE4AA /* Debug */ = {
			isa = XCBuildConfiguration;
			buildSettings = {
				ALWAYS_EMBED_SWIFT_STANDARD_LIBRARIES = YES;
				CODE_SIGN_STYLE = Automatic;
				DEVELOPMENT_TEAM = 6LAXP25MJ5;
				INFOPLIST_FILE = GraftonFoodUITests/Info.plist;
				LD_RUNPATH_SEARCH_PATHS = (
					"$(inherited)",
					"@executable_path/Frameworks",
					"@loader_path/Frameworks",
				);
				PRODUCT_BUNDLE_IDENTIFIER = Trigonix.GraftonFoodUITests;
				PRODUCT_NAME = "$(TARGET_NAME)";
				SWIFT_VERSION = 5.0;
				TARGETED_DEVICE_FAMILY = "1,2";
				TEST_TARGET_NAME = GraftonFood;
			};
			name = Debug;
		};
		1A1D5C3F26AB7170000FE4AA /* Release */ = {
			isa = XCBuildConfiguration;
			buildSettings = {
				ALWAYS_EMBED_SWIFT_STANDARD_LIBRARIES = YES;
				CODE_SIGN_STYLE = Automatic;
				DEVELOPMENT_TEAM = 6LAXP25MJ5;
				INFOPLIST_FILE = GraftonFoodUITests/Info.plist;
				LD_RUNPATH_SEARCH_PATHS = (
					"$(inherited)",
					"@executable_path/Frameworks",
					"@loader_path/Frameworks",
				);
				PRODUCT_BUNDLE_IDENTIFIER = Trigonix.GraftonFoodUITests;
				PRODUCT_NAME = "$(TARGET_NAME)";
				SWIFT_VERSION = 5.0;
				TARGETED_DEVICE_FAMILY = "1,2";
				TEST_TARGET_NAME = GraftonFood;
			};
			name = Release;
		};
/* End XCBuildConfiguration section */

/* Begin XCConfigurationList section */
		1A030B7426AD2ABF0005CCAE /* Build configuration list for PBXNativeTarget "GraftonFoodWidgetExtension" */ = {
			isa = XCConfigurationList;
			buildConfigurations = (
				1A030B7526AD2ABF0005CCAE /* Debug */,
				1A030B7626AD2ABF0005CCAE /* Release */,
			);
			defaultConfigurationIsVisible = 0;
			defaultConfigurationName = Release;
		};
		1A1D5C0826AB716F000FE4AA /* Build configuration list for PBXProject "GraftonFood" */ = {
			isa = XCConfigurationList;
			buildConfigurations = (
				1A1D5C3526AB7170000FE4AA /* Debug */,
				1A1D5C3626AB7170000FE4AA /* Release */,
			);
			defaultConfigurationIsVisible = 0;
			defaultConfigurationName = Release;
		};
		1A1D5C3726AB7170000FE4AA /* Build configuration list for PBXNativeTarget "GraftonFood" */ = {
			isa = XCConfigurationList;
			buildConfigurations = (
				1A1D5C3826AB7170000FE4AA /* Debug */,
				1A1D5C3926AB7170000FE4AA /* Release */,
			);
			defaultConfigurationIsVisible = 0;
			defaultConfigurationName = Release;
		};
		1A1D5C3A26AB7170000FE4AA /* Build configuration list for PBXNativeTarget "GraftonFoodTests" */ = {
			isa = XCConfigurationList;
			buildConfigurations = (
				1A1D5C3B26AB7170000FE4AA /* Debug */,
				1A1D5C3C26AB7170000FE4AA /* Release */,
			);
			defaultConfigurationIsVisible = 0;
			defaultConfigurationName = Release;
		};
		1A1D5C3D26AB7170000FE4AA /* Build configuration list for PBXNativeTarget "GraftonFoodUITests" */ = {
			isa = XCConfigurationList;
			buildConfigurations = (
				1A1D5C3E26AB7170000FE4AA /* Debug */,
				1A1D5C3F26AB7170000FE4AA /* Release */,
			);
			defaultConfigurationIsVisible = 0;
			defaultConfigurationName = Release;
		};
/* End XCConfigurationList section */
	};
	rootObject = 1A1D5C0526AB716F000FE4AA /* Project object */;
}
